// !$*UTF8*$!
{
	archiveVersion = 1;
	classes = {
	};
	objectVersion = 50;
	objects = {

/* Begin PBXBuildFile section */
		ACC78F46243789A400CDACCF /* AppDelegate.swift in Sources */ = {isa = PBXBuildFile; fileRef = ACC78F45243789A400CDACCF /* AppDelegate.swift */; };
		ACC78F48243789A400CDACCF /* SceneDelegate.swift in Sources */ = {isa = PBXBuildFile; fileRef = ACC78F47243789A400CDACCF /* SceneDelegate.swift */; };
		ACC78F4D243789A400CDACCF /* Main.storyboard in Resources */ = {isa = PBXBuildFile; fileRef = ACC78F4B243789A400CDACCF /* Main.storyboard */; };
		ACC78F4F243789A700CDACCF /* Assets.xcassets in Resources */ = {isa = PBXBuildFile; fileRef = ACC78F4E243789A700CDACCF /* Assets.xcassets */; };
		ACC78F52243789A700CDACCF /* LaunchScreen.storyboard in Resources */ = {isa = PBXBuildFile; fileRef = ACC78F50243789A700CDACCF /* LaunchScreen.storyboard */; };
		ACC78F5C24378A0E00CDACCF /* CloudKit.framework in Frameworks */ = {isa = PBXBuildFile; fileRef = ACC78F5B24378A0E00CDACCF /* CloudKit.framework */; };
		ACC78F6124378C6300CDACCF /* Contact.swift in Sources */ = {isa = PBXBuildFile; fileRef = ACC78F6024378C6300CDACCF /* Contact.swift */; };
		ACC78F65243792A100CDACCF /* ContactController.swift in Sources */ = {isa = PBXBuildFile; fileRef = ACC78F64243792A100CDACCF /* ContactController.swift */; };
		ACC78F682437939900CDACCF /* ContactError.swift in Sources */ = {isa = PBXBuildFile; fileRef = ACC78F672437939900CDACCF /* ContactError.swift */; };
		ACC78F6B2437A27600CDACCF /* ContactListTableViewController.swift in Sources */ = {isa = PBXBuildFile; fileRef = ACC78F6A2437A27600CDACCF /* ContactListTableViewController.swift */; };
		ACC78F6D2437A28D00CDACCF /* ContactDetailTableViewController.swift in Sources */ = {isa = PBXBuildFile; fileRef = ACC78F6C2437A28D00CDACCF /* ContactDetailTableViewController.swift */; };
/* End PBXBuildFile section */

/* Begin PBXFileReference section */
		ACC78F42243789A400CDACCF /* Contacts.app */ = {isa = PBXFileReference; explicitFileType = wrapper.application; includeInIndex = 0; path = Contacts.app; sourceTree = BUILT_PRODUCTS_DIR; };
		ACC78F45243789A400CDACCF /* AppDelegate.swift */ = {isa = PBXFileReference; lastKnownFileType = sourcecode.swift; path = AppDelegate.swift; sourceTree = "<group>"; };
		ACC78F47243789A400CDACCF /* SceneDelegate.swift */ = {isa = PBXFileReference; lastKnownFileType = sourcecode.swift; path = SceneDelegate.swift; sourceTree = "<group>"; };
		ACC78F4C243789A400CDACCF /* Base */ = {isa = PBXFileReference; lastKnownFileType = file.storyboard; name = Base; path = Base.lproj/Main.storyboard; sourceTree = "<group>"; };
		ACC78F4E243789A700CDACCF /* Assets.xcassets */ = {isa = PBXFileReference; lastKnownFileType = folder.assetcatalog; path = Assets.xcassets; sourceTree = "<group>"; };
		ACC78F51243789A700CDACCF /* Base */ = {isa = PBXFileReference; lastKnownFileType = file.storyboard; name = Base; path = Base.lproj/LaunchScreen.storyboard; sourceTree = "<group>"; };
		ACC78F53243789A700CDACCF /* Info.plist */ = {isa = PBXFileReference; lastKnownFileType = text.plist.xml; path = Info.plist; sourceTree = "<group>"; };
		ACC78F59243789CA00CDACCF /* Contacts.entitlements */ = {isa = PBXFileReference; lastKnownFileType = text.plist.entitlements; path = Contacts.entitlements; sourceTree = "<group>"; };
		ACC78F5B24378A0E00CDACCF /* CloudKit.framework */ = {isa = PBXFileReference; lastKnownFileType = wrapper.framework; name = CloudKit.framework; path = System/Library/Frameworks/CloudKit.framework; sourceTree = SDKROOT; };
		ACC78F6024378C6300CDACCF /* Contact.swift */ = {isa = PBXFileReference; lastKnownFileType = sourcecode.swift; path = Contact.swift; sourceTree = "<group>"; };
		ACC78F64243792A100CDACCF /* ContactController.swift */ = {isa = PBXFileReference; lastKnownFileType = sourcecode.swift; path = ContactController.swift; sourceTree = "<group>"; };
		ACC78F672437939900CDACCF /* ContactError.swift */ = {isa = PBXFileReference; lastKnownFileType = sourcecode.swift; path = ContactError.swift; sourceTree = "<group>"; };
		ACC78F6A2437A27600CDACCF /* ContactListTableViewController.swift */ = {isa = PBXFileReference; lastKnownFileType = sourcecode.swift; path = ContactListTableViewController.swift; sourceTree = "<group>"; };
		ACC78F6C2437A28D00CDACCF /* ContactDetailTableViewController.swift */ = {isa = PBXFileReference; lastKnownFileType = sourcecode.swift; path = ContactDetailTableViewController.swift; sourceTree = "<group>"; };
/* End PBXFileReference section */

/* Begin PBXFrameworksBuildPhase section */
		ACC78F3F243789A400CDACCF /* Frameworks */ = {
			isa = PBXFrameworksBuildPhase;
			buildActionMask = 2147483647;
			files = (
				ACC78F5C24378A0E00CDACCF /* CloudKit.framework in Frameworks */,
			);
			runOnlyForDeploymentPostprocessing = 0;
		};
/* End PBXFrameworksBuildPhase section */

/* Begin PBXGroup section */
		ACC78F39243789A400CDACCF = {
			isa = PBXGroup;
			children = (
				ACC78F44243789A400CDACCF /* Contacts */,
				ACC78F43243789A400CDACCF /* Products */,
				ACC78F5A24378A0E00CDACCF /* Frameworks */,
			);
			sourceTree = "<group>";
		};
		ACC78F43243789A400CDACCF /* Products */ = {
			isa = PBXGroup;
			children = (
				ACC78F42243789A400CDACCF /* Contacts.app */,
			);
			name = Products;
			sourceTree = "<group>";
		};
		ACC78F44243789A400CDACCF /* Contacts */ = {
			isa = PBXGroup;
			children = (
				ACC78F622437926500CDACCF /* Controllers */,
				ACC78F5F24378C4A00CDACCF /* Model */,
				ACC78F5D24378AC300CDACCF /* Storyboard */,
				ACC78F5E24378ACD00CDACCF /* Resources */,
			);
			path = Contacts;
			sourceTree = "<group>";
		};
		ACC78F5A24378A0E00CDACCF /* Frameworks */ = {
			isa = PBXGroup;
			children = (
				ACC78F5B24378A0E00CDACCF /* CloudKit.framework */,
			);
			name = Frameworks;
			sourceTree = "<group>";
		};
		ACC78F5D24378AC300CDACCF /* Storyboard */ = {
			isa = PBXGroup;
			children = (
				ACC78F4B243789A400CDACCF /* Main.storyboard */,
			);
			path = Storyboard;
			sourceTree = "<group>";
		};
		ACC78F5E24378ACD00CDACCF /* Resources */ = {
			isa = PBXGroup;
			children = (
				ACC78F45243789A400CDACCF /* AppDelegate.swift */,
				ACC78F59243789CA00CDACCF /* Contacts.entitlements */,
				ACC78F47243789A400CDACCF /* SceneDelegate.swift */,
				ACC78F4E243789A700CDACCF /* Assets.xcassets */,
				ACC78F50243789A700CDACCF /* LaunchScreen.storyboard */,
				ACC78F53243789A700CDACCF /* Info.plist */,
			);
			path = Resources;
			sourceTree = "<group>";
		};
		ACC78F5F24378C4A00CDACCF /* Model */ = {
			isa = PBXGroup;
			children = (
				ACC78F6024378C6300CDACCF /* Contact.swift */,
			);
			path = Model;
			sourceTree = "<group>";
		};
		ACC78F622437926500CDACCF /* Controllers */ = {
			isa = PBXGroup;
			children = (
				ACC78F692437A26100CDACCF /* View Controllers */,
				ACC78F662437938600CDACCF /* Helpers */,
				ACC78F632437926F00CDACCF /* Model Controller */,
			);
			path = Controllers;
			sourceTree = "<group>";
		};
		ACC78F632437926F00CDACCF /* Model Controller */ = {
			isa = PBXGroup;
			children = (
				ACC78F64243792A100CDACCF /* ContactController.swift */,
			);
			path = "Model Controller";
			sourceTree = "<group>";
		};
		ACC78F662437938600CDACCF /* Helpers */ = {
			isa = PBXGroup;
			children = (
				ACC78F672437939900CDACCF /* ContactError.swift */,
			);
			path = Helpers;
			sourceTree = "<group>";
		};
		ACC78F692437A26100CDACCF /* View Controllers */ = {
			isa = PBXGroup;
			children = (
				ACC78F6A2437A27600CDACCF /* ContactListTableViewController.swift */,
				ACC78F6C2437A28D00CDACCF /* ContactDetailTableViewController.swift */,
			);
			path = "View Controllers";
			sourceTree = "<group>";
		};
/* End PBXGroup section */

/* Begin PBXNativeTarget section */
		ACC78F41243789A400CDACCF /* Contacts */ = {
			isa = PBXNativeTarget;
			buildConfigurationList = ACC78F56243789A700CDACCF /* Build configuration list for PBXNativeTarget "Contacts" */;
			buildPhases = (
				ACC78F3E243789A400CDACCF /* Sources */,
				ACC78F3F243789A400CDACCF /* Frameworks */,
				ACC78F40243789A400CDACCF /* Resources */,
			);
			buildRules = (
			);
			dependencies = (
			);
			name = Contacts;
			productName = Contacts;
			productReference = ACC78F42243789A400CDACCF /* Contacts.app */;
			productType = "com.apple.product-type.application";
		};
/* End PBXNativeTarget section */

/* Begin PBXProject section */
		ACC78F3A243789A400CDACCF /* Project object */ = {
			isa = PBXProject;
			attributes = {
				LastSwiftUpdateCheck = 1140;
				LastUpgradeCheck = 1140;
				ORGANIZATIONNAME = "Theo Vora";
				TargetAttributes = {
					ACC78F41243789A400CDACCF = {
						CreatedOnToolsVersion = 11.4;
					};
				};
			};
			buildConfigurationList = ACC78F3D243789A400CDACCF /* Build configuration list for PBXProject "Contacts" */;
			compatibilityVersion = "Xcode 9.3";
			developmentRegion = en;
			hasScannedForEncodings = 0;
			knownRegions = (
				en,
				Base,
			);
			mainGroup = ACC78F39243789A400CDACCF;
			productRefGroup = ACC78F43243789A400CDACCF /* Products */;
			projectDirPath = "";
			projectRoot = "";
			targets = (
				ACC78F41243789A400CDACCF /* Contacts */,
			);
		};
/* End PBXProject section */

/* Begin PBXResourcesBuildPhase section */
		ACC78F40243789A400CDACCF /* Resources */ = {
			isa = PBXResourcesBuildPhase;
			buildActionMask = 2147483647;
			files = (
				ACC78F52243789A700CDACCF /* LaunchScreen.storyboard in Resources */,
				ACC78F4F243789A700CDACCF /* Assets.xcassets in Resources */,
				ACC78F4D243789A400CDACCF /* Main.storyboard in Resources */,
			);
			runOnlyForDeploymentPostprocessing = 0;
		};
/* End PBXResourcesBuildPhase section */

/* Begin PBXSourcesBuildPhase section */
		ACC78F3E243789A400CDACCF /* Sources */ = {
			isa = PBXSourcesBuildPhase;
			buildActionMask = 2147483647;
			files = (
				ACC78F6D2437A28D00CDACCF /* ContactDetailTableViewController.swift in Sources */,
				ACC78F6B2437A27600CDACCF /* ContactListTableViewController.swift in Sources */,
				ACC78F6124378C6300CDACCF /* Contact.swift in Sources */,
				ACC78F46243789A400CDACCF /* AppDelegate.swift in Sources */,
				ACC78F65243792A100CDACCF /* ContactController.swift in Sources */,
				ACC78F682437939900CDACCF /* ContactError.swift in Sources */,
				ACC78F48243789A400CDACCF /* SceneDelegate.swift in Sources */,
			);
			runOnlyForDeploymentPostprocessing = 0;
		};
/* End PBXSourcesBuildPhase section */

/* Begin PBXVariantGroup section */
		ACC78F4B243789A400CDACCF /* Main.storyboard */ = {
			isa = PBXVariantGroup;
			children = (
				ACC78F4C243789A400CDACCF /* Base */,
			);
			name = Main.storyboard;
			sourceTree = "<group>";
		};
		ACC78F50243789A700CDACCF /* LaunchScreen.storyboard */ = {
			isa = PBXVariantGroup;
			children = (
				ACC78F51243789A700CDACCF /* Base */,
			);
			name = LaunchScreen.storyboard;
			sourceTree = "<group>";
		};
/* End PBXVariantGroup section */

/* Begin XCBuildConfiguration section */
		ACC78F54243789A700CDACCF /* Debug */ = {
			isa = XCBuildConfiguration;
			buildSettings = {
				ALWAYS_SEARCH_USER_PATHS = NO;
				CLANG_ANALYZER_NONNULL = YES;
				CLANG_ANALYZER_NUMBER_OBJECT_CONVERSION = YES_AGGRESSIVE;
				CLANG_CXX_LANGUAGE_STANDARD = "gnu++14";
				CLANG_CXX_LIBRARY = "libc++";
				CLANG_ENABLE_MODULES = YES;
				CLANG_ENABLE_OBJC_ARC = YES;
				CLANG_ENABLE_OBJC_WEAK = YES;
				CLANG_WARN_BLOCK_CAPTURE_AUTORELEASING = YES;
				CLANG_WARN_BOOL_CONVERSION = YES;
				CLANG_WARN_COMMA = YES;
				CLANG_WARN_CONSTANT_CONVERSION = YES;
				CLANG_WARN_DEPRECATED_OBJC_IMPLEMENTATIONS = YES;
				CLANG_WARN_DIRECT_OBJC_ISA_USAGE = YES_ERROR;
				CLANG_WARN_DOCUMENTATION_COMMENTS = YES;
				CLANG_WARN_EMPTY_BODY = YES;
				CLANG_WARN_ENUM_CONVERSION = YES;
				CLANG_WARN_INFINITE_RECURSION = YES;
				CLANG_WARN_INT_CONVERSION = YES;
				CLANG_WARN_NON_LITERAL_NULL_CONVERSION = YES;
				CLANG_WARN_OBJC_IMPLICIT_RETAIN_SELF = YES;
				CLANG_WARN_OBJC_LITERAL_CONVERSION = YES;
				CLANG_WARN_OBJC_ROOT_CLASS = YES_ERROR;
				CLANG_WARN_RANGE_LOOP_ANALYSIS = YES;
				CLANG_WARN_STRICT_PROTOTYPES = YES;
				CLANG_WARN_SUSPICIOUS_MOVE = YES;
				CLANG_WARN_UNGUARDED_AVAILABILITY = YES_AGGRESSIVE;
				CLANG_WARN_UNREACHABLE_CODE = YES;
				CLANG_WARN__DUPLICATE_METHOD_MATCH = YES;
				COPY_PHASE_STRIP = NO;
				DEBUG_INFORMATION_FORMAT = dwarf;
				ENABLE_STRICT_OBJC_MSGSEND = YES;
				ENABLE_TESTABILITY = YES;
				GCC_C_LANGUAGE_STANDARD = gnu11;
				GCC_DYNAMIC_NO_PIC = NO;
				GCC_NO_COMMON_BLOCKS = YES;
				GCC_OPTIMIZATION_LEVEL = 0;
				GCC_PREPROCESSOR_DEFINITIONS = (
					"DEBUG=1",
					"$(inherited)",
				);
				GCC_WARN_64_TO_32_BIT_CONVERSION = YES;
				GCC_WARN_ABOUT_RETURN_TYPE = YES_ERROR;
				GCC_WARN_UNDECLARED_SELECTOR = YES;
				GCC_WARN_UNINITIALIZED_AUTOS = YES_AGGRESSIVE;
				GCC_WARN_UNUSED_FUNCTION = YES;
				GCC_WARN_UNUSED_VARIABLE = YES;
				IPHONEOS_DEPLOYMENT_TARGET = 13.4;
				MTL_ENABLE_DEBUG_INFO = INCLUDE_SOURCE;
				MTL_FAST_MATH = YES;
				ONLY_ACTIVE_ARCH = YES;
				SDKROOT = iphoneos;
				SWIFT_ACTIVE_COMPILATION_CONDITIONS = DEBUG;
				SWIFT_OPTIMIZATION_LEVEL = "-Onone";
			};
			name = Debug;
		};
		ACC78F55243789A700CDACCF /* Release */ = {
			isa = XCBuildConfiguration;
			buildSettings = {
				ALWAYS_SEARCH_USER_PATHS = NO;
				CLANG_ANALYZER_NONNULL = YES;
				CLANG_ANALYZER_NUMBER_OBJECT_CONVERSION = YES_AGGRESSIVE;
				CLANG_CXX_LANGUAGE_STANDARD = "gnu++14";
				CLANG_CXX_LIBRARY = "libc++";
				CLANG_ENABLE_MODULES = YES;
				CLANG_ENABLE_OBJC_ARC = YES;
				CLANG_ENABLE_OBJC_WEAK = YES;
				CLANG_WARN_BLOCK_CAPTURE_AUTORELEASING = YES;
				CLANG_WARN_BOOL_CONVERSION = YES;
				CLANG_WARN_COMMA = YES;
				CLANG_WARN_CONSTANT_CONVERSION = YES;
				CLANG_WARN_DEPRECATED_OBJC_IMPLEMENTATIONS = YES;
				CLANG_WARN_DIRECT_OBJC_ISA_USAGE = YES_ERROR;
				CLANG_WARN_DOCUMENTATION_COMMENTS = YES;
				CLANG_WARN_EMPTY_BODY = YES;
				CLANG_WARN_ENUM_CONVERSION = YES;
				CLANG_WARN_INFINITE_RECURSION = YES;
				CLANG_WARN_INT_CONVERSION = YES;
				CLANG_WARN_NON_LITERAL_NULL_CONVERSION = YES;
				CLANG_WARN_OBJC_IMPLICIT_RETAIN_SELF = YES;
				CLANG_WARN_OBJC_LITERAL_CONVERSION = YES;
				CLANG_WARN_OBJC_ROOT_CLASS = YES_ERROR;
				CLANG_WARN_RANGE_LOOP_ANALYSIS = YES;
				CLANG_WARN_STRICT_PROTOTYPES = YES;
				CLANG_WARN_SUSPICIOUS_MOVE = YES;
				CLANG_WARN_UNGUARDED_AVAILABILITY = YES_AGGRESSIVE;
				CLANG_WARN_UNREACHABLE_CODE = YES;
				CLANG_WARN__DUPLICATE_METHOD_MATCH = YES;
				COPY_PHASE_STRIP = NO;
				DEBUG_INFORMATION_FORMAT = "dwarf-with-dsym";
				ENABLE_NS_ASSERTIONS = NO;
				ENABLE_STRICT_OBJC_MSGSEND = YES;
				GCC_C_LANGUAGE_STANDARD = gnu11;
				GCC_NO_COMMON_BLOCKS = YES;
				GCC_WARN_64_TO_32_BIT_CONVERSION = YES;
				GCC_WARN_ABOUT_RETURN_TYPE = YES_ERROR;
				GCC_WARN_UNDECLARED_SELECTOR = YES;
				GCC_WARN_UNINITIALIZED_AUTOS = YES_AGGRESSIVE;
				GCC_WARN_UNUSED_FUNCTION = YES;
				GCC_WARN_UNUSED_VARIABLE = YES;
				IPHONEOS_DEPLOYMENT_TARGET = 13.4;
				MTL_ENABLE_DEBUG_INFO = NO;
				MTL_FAST_MATH = YES;
				SDKROOT = iphoneos;
				SWIFT_COMPILATION_MODE = wholemodule;
				SWIFT_OPTIMIZATION_LEVEL = "-O";
				VALIDATE_PRODUCT = YES;
			};
			name = Release;
		};
		ACC78F57243789A700CDACCF /* Debug */ = {
			isa = XCBuildConfiguration;
			buildSettings = {
				ASSETCATALOG_COMPILER_APPICON_NAME = AppIcon;
				CODE_SIGN_ENTITLEMENTS = Contacts/Resources/Contacts.entitlements;
				CODE_SIGN_STYLE = Automatic;
				DEVELOPMENT_TEAM = L79S24J7RJ;
				INFOPLIST_FILE = Contacts/Resources/Info.plist;
				LD_RUNPATH_SEARCH_PATHS = (
					"$(inherited)",
					"@executable_path/Frameworks",
				);
				PRODUCT_BUNDLE_IDENTIFIER = com.poundsand.Contacts;
				PRODUCT_NAME = "$(TARGET_NAME)";
				SWIFT_VERSION = 5.0;
				TARGETED_DEVICE_FAMILY = "1,2";
			};
			name = Debug;
		};
		ACC78F58243789A700CDACCF /* Release */ = {
			isa = XCBuildConfiguration;
			buildSettings = {
				ASSETCATALOG_COMPILER_APPICON_NAME = AppIcon;
				CODE_SIGN_ENTITLEMENTS = Contacts/Resources/Contacts.entitlements;
				CODE_SIGN_STYLE = Automatic;
				DEVELOPMENT_TEAM = L79S24J7RJ;
				INFOPLIST_FILE = Contacts/Resources/Info.plist;
				LD_RUNPATH_SEARCH_PATHS = (
					"$(inherited)",
					"@executable_path/Frameworks",
				);
				PRODUCT_BUNDLE_IDENTIFIER = com.poundsand.Contacts;
				PRODUCT_NAME = "$(TARGET_NAME)";
				SWIFT_VERSION = 5.0;
				TARGETED_DEVICE_FAMILY = "1,2";
			};
			name = Release;
		};
/* End XCBuildConfiguration section */

/* Begin XCConfigurationList section */
		ACC78F3D243789A400CDACCF /* Build configuration list for PBXProject "Contacts" */ = {
			isa = XCConfigurationList;
			buildConfigurations = (
				ACC78F54243789A700CDACCF /* Debug */,
				ACC78F55243789A700CDACCF /* Release */,
			);
			defaultConfigurationIsVisible = 0;
			defaultConfigurationName = Release;
		};
		ACC78F56243789A700CDACCF /* Build configuration list for PBXNativeTarget "Contacts" */ = {
			isa = XCConfigurationList;
			buildConfigurations = (
				ACC78F57243789A700CDACCF /* Debug */,
				ACC78F58243789A700CDACCF /* Release */,
			);
			defaultConfigurationIsVisible = 0;
			defaultConfigurationName = Release;
		};
/* End XCConfigurationList section */
	};
	rootObject = ACC78F3A243789A400CDACCF /* Project object */;
}
